
Microsoft Visual Studio Solution File, Format Version 12.00
# Visual Studio Version 17
VisualStudioVersion = 17.7.34031.279
MinimumVisualStudioVersion = 10.0.40219.1
Project("{FAE04EC0-301F-11D3-BF4B-00C04F79EFBC}") = "DotnetPipelineApp", "DotnetPipelineApp.csproj", "{C6272289-56BA-4C8B-8738-CCBECB8BB923}"
EndProject
Project("{FAE04EC0-301F-11D3-BF4B-00C04F79EFBC}") = "DotnetPipelineApp.Tests", "..\DotnetPipelineApp.Tests\DotnetPipelineApp.Tests.csproj", "{D502002B-C55A-48D7-BA28-4FC699C08EE8}"
EndProject
Global
	GlobalSection(SolutionConfigurationPlatforms) = preSolution
		Debug|Any CPU = Debug|Any CPU
		Release|Any CPU = Release|Any CPU
	EndGlobalSection
	GlobalSection(ProjectConfigurationPlatforms) = postSolution
		{C6272289-56BA-4C8B-8738-CCBECB8BB923}.Debug|Any CPU.ActiveCfg = Debug|Any CPU
		{C6272289-56BA-4C8B-8738-CCBECB8BB923}.Debug|Any CPU.Build.0 = Debug|Any CPU
		{C6272289-56BA-4C8B-8738-CCBECB8BB923}.Release|Any CPU.ActiveCfg = Release|Any CPU
		{C6272289-56BA-4C8B-8738-CCBECB8BB923}.Release|Any CPU.Build.0 = Release|Any CPU
		{D502002B-C55A-48D7-BA28-4FC699C08EE8}.Debug|Any CPU.ActiveCfg = Debug|Any CPU
		{D502002B-C55A-48D7-BA28-4FC699C08EE8}.Debug|Any CPU.Build.0 = Debug|Any CPU
		{D502002B-C55A-48D7-BA28-4FC699C08EE8}.Release|Any CPU.ActiveCfg = Release|Any CPU
		{D502002B-C55A-48D7-BA28-4FC699C08EE8}.Release|Any CPU.Build.0 = Release|Any CPU
	EndGlobalSection
	GlobalSection(SolutionProperties) = preSolution
		HideSolutionNode = FALSE
	EndGlobalSection
	GlobalSection(ExtensibilityGlobals) = postSolution
		SolutionGuid = {39B40987-CF22-47FB-B1C0-71BEA08AA5B7}
	EndGlobalSection
EndGlobal
